
Microsoft Visual Studio Solution File, Format Version 12.00
# Visual Studio Version 17
VisualStudioVersion = 17.3.32819.101
MinimumVisualStudioVersion = 10.0.40219.1
Project("{9A19103F-16F7-4668-BE54-9A1E7A4F7556}") = "TestProject1", "TestProject1\TestProject1.csproj", "{074AAFB5-4951-4832-B819-DFD4CBD73633}"
EndProject
Project("{9A19103F-16F7-4668-BE54-9A1E7A4F7556}") = "ClassLibrary1", "ClassLibrary1\ClassLibrary1.csproj", "{CAEE8ABF-0293-4CCC-B329-28EDDF570261}"
EndProject
Project("{FAE04EC0-301F-11D3-BF4B-00C04F79EFBC}") = "WinFormsApp1", "WinFormsApp1\WinFormsApp1.csproj", "{4A9626FD-7413-415F-8FDB-F5A500402BB1}"
EndProject
Global
	GlobalSection(SolutionConfigurationPlatforms) = preSolution
		Debug|Any CPU = Debug|Any CPU
		Release|Any CPU = Release|Any CPU
	EndGlobalSection
	GlobalSection(ProjectConfigurationPlatforms) = postSolution
		{074AAFB5-4951-4832-B819-DFD4CBD73633}.Debug|Any CPU.ActiveCfg = Debug|Any CPU
		{074AAFB5-4951-4832-B819-DFD4CBD73633}.Debug|Any CPU.Build.0 = Debug|Any CPU
		{074AAFB5-4951-4832-B819-DFD4CBD73633}.Release|Any CPU.ActiveCfg = Release|Any CPU
		{074AAFB5-4951-4832-B819-DFD4CBD73633}.Release|Any CPU.Build.0 = Release|Any CPU
		{CAEE8ABF-0293-4CCC-B329-28EDDF570261}.Debug|Any CPU.ActiveCfg = Debug|Any CPU
		{CAEE8ABF-0293-4CCC-B329-28EDDF570261}.Debug|Any CPU.Build.0 = Debug|Any CPU
		{CAEE8ABF-0293-4CCC-B329-28EDDF570261}.Release|Any CPU.ActiveCfg = Release|Any CPU
		{CAEE8ABF-0293-4CCC-B329-28EDDF570261}.Release|Any CPU.Build.0 = Release|Any CPU
		{4A9626FD-7413-415F-8FDB-F5A500402BB1}.Debug|Any CPU.ActiveCfg = Debug|Any CPU
		{4A9626FD-7413-415F-8FDB-F5A500402BB1}.Debug|Any CPU.Build.0 = Debug|Any CPU
		{4A9626FD-7413-415F-8FDB-F5A500402BB1}.Release|Any CPU.ActiveCfg = Release|Any CPU
		{4A9626FD-7413-415F-8FDB-F5A500402BB1}.Release|Any CPU.Build.0 = Release|Any CPU
	EndGlobalSection
	GlobalSection(SolutionProperties) = preSolution
		HideSolutionNode = FALSE
	EndGlobalSection
	GlobalSection(ExtensibilityGlobals) = postSolution
		SolutionGuid = {CE4E2568-8F49-4FA9-A499-49B0FA620895}
	EndGlobalSection
EndGlobal
